
Microsoft Visual Studio Solution File, Format Version 12.00
# Visual Studio Version 16
VisualStudioVersion = 16.0.30225.117
MinimumVisualStudioVersion = 10.0.40219.1
Project("{9A19103F-16F7-4668-BE54-9A1E7A4F7556}") = "DemoCon", "DemoCon.csproj", "{D94E289A-038B-4CAE-8765-B22A4EE3A1C7}"
EndProject
Global
	GlobalSection(SolutionConfigurationPlatforms) = preSolution
		Debug|Any CPU = Debug|Any CPU
		Release|Any CPU = Release|Any CPU
	EndGlobalSection
	GlobalSection(ProjectConfigurationPlatforms) = postSolution
		{D94E289A-038B-4CAE-8765-B22A4EE3A1C7}.Debug|Any CPU.ActiveCfg = Debug|Any CPU
		{D94E289A-038B-4CAE-8765-B22A4EE3A1C7}.Debug|Any CPU.Build.0 = Debug|Any CPU
		{D94E289A-038B-4CAE-8765-B22A4EE3A1C7}.Release|Any CPU.ActiveCfg = Release|Any CPU
		{D94E289A-038B-4CAE-8765-B22A4EE3A1C7}.Release|Any CPU.Build.0 = Release|Any CPU
	EndGlobalSection
	GlobalSection(SolutionProperties) = preSolution
		HideSolutionNode = FALSE
	EndGlobalSection
	GlobalSection(ExtensibilityGlobals) = postSolution
		SolutionGuid = {BD621146-E7F7-4933-9744-8E3FA2E69960}
	EndGlobalSection
EndGlobal
